
Microsoft Visual Studio Solution File, Format Version 12.00
# Visual Studio 15
VisualStudioVersion = 15.0.28307.168
MinimumVisualStudioVersion = 10.0.40219.1
Project("{FAE04EC0-301F-11D3-BF4B-00C04F79EFBC}") = "NATSDurableSubscriptionIssueReplication", "NATSDurableSubscriptionIssueReplication\NATSDurableSubscriptionIssueReplication.csproj", "{309D217C-6E30-460C-B3F8-5E16457AD095}"
EndProject
Global
	GlobalSection(SolutionConfigurationPlatforms) = preSolution
		Debug|Any CPU = Debug|Any CPU
		Release|Any CPU = Release|Any CPU
	EndGlobalSection
	GlobalSection(ProjectConfigurationPlatforms) = postSolution
		{309D217C-6E30-460C-B3F8-5E16457AD095}.Debug|Any CPU.ActiveCfg = Debug|Any CPU
		{309D217C-6E30-460C-B3F8-5E16457AD095}.Debug|Any CPU.Build.0 = Debug|Any CPU
		{309D217C-6E30-460C-B3F8-5E16457AD095}.Release|Any CPU.ActiveCfg = Release|Any CPU
		{309D217C-6E30-460C-B3F8-5E16457AD095}.Release|Any CPU.Build.0 = Release|Any CPU
	EndGlobalSection
	GlobalSection(SolutionProperties) = preSolution
		HideSolutionNode = FALSE
	EndGlobalSection
	GlobalSection(ExtensibilityGlobals) = postSolution
		SolutionGuid = {D8C2AB46-D925-488D-9A94-470AB79926D7}
	EndGlobalSection
EndGlobal
